
Microsoft Visual Studio Solution File, Format Version 12.00
# Visual Studio Version 17
VisualStudioVersion = 17.4.33213.308
MinimumVisualStudioVersion = 10.0.40219.1
Project("{9A19103F-16F7-4668-BE54-9A1E7A4F7556}") = "HrManagement.WebApplication", "HrManagement.WebApplication\HrManagement.WebApplication.csproj", "{8DA43D6F-785E-429C-936D-84692FC48969}"
EndProject
Project("{2150E333-8FDC-42A3-9474-1A3956D46DE8}") = "1-WebPresentation", "1-WebPresentation", "{41159A62-0D6A-4EBB-AFCA-AB9F909826BE}"
EndProject
Project("{2150E333-8FDC-42A3-9474-1A3956D46DE8}") = "2-AppService", "2-AppService", "{8172F67D-33CA-480B-8370-4C9221165D8C}"
EndProject
Project("{2150E333-8FDC-42A3-9474-1A3956D46DE8}") = "3-DomainService", "3-DomainService", "{A63BCCED-CC99-4B85-95DA-2B4A463B6EF2}"
EndProject
Project("{2150E333-8FDC-42A3-9474-1A3956D46DE8}") = "4-Domain", "4-Domain", "{91DCE16B-93A7-41E1-B21D-430C580D3D29}"
EndProject
Project("{2150E333-8FDC-42A3-9474-1A3956D46DE8}") = "5-Infra", "5-Infra", "{3AFDE1EA-2660-4BC2-8D4B-4AA47659B078}"
EndProject
Project("{9A19103F-16F7-4668-BE54-9A1E7A4F7556}") = "HrManagement.AppService", "HrManagement.AppService\HrManagement.AppService.csproj", "{7CBB837F-BAEC-4879-97F9-DBA19C81D824}"
EndProject
Project("{9A19103F-16F7-4668-BE54-9A1E7A4F7556}") = "HrManagement.DomainService", "HrManagement.DomainService\HrManagement.DomainService.csproj", "{7C2E440D-9E2D-4888-8156-3409F9B819E4}"
EndProject
Project("{9A19103F-16F7-4668-BE54-9A1E7A4F7556}") = "HrManagement.Domain", "HrManagement.Domain\HrManagement.Domain.csproj", "{00992B1A-BD01-4ECB-8BEF-10FF3E02BEFE}"
EndProject
Project("{2150E333-8FDC-42A3-9474-1A3956D46DE8}") = "Data", "Data", "{8D78BBD3-E020-4DC4-8647-B15956177DA4}"
EndProject
Project("{2150E333-8FDC-42A3-9474-1A3956D46DE8}") = "Security", "Security", "{EF2B71BD-9D0C-4864-AA6F-ED8643069656}"
EndProject
Project("{9A19103F-16F7-4668-BE54-9A1E7A4F7556}") = "HrManagement.Data", "HrManagement.Data\HrManagement.Data.csproj", "{47723788-BB1B-4076-9040-295F8E2A1B68}"
EndProject
Project("{9A19103F-16F7-4668-BE54-9A1E7A4F7556}") = "HrManagement.Security", "HrManagement.Security\HrManagement.Security.csproj", "{49CC6CA4-74F5-435E-A999-B4397E69DCE3}"
EndProject
Project("{2150E333-8FDC-42A3-9474-1A3956D46DE8}") = "IOC", "IOC", "{3643B56D-9AFE-42D3-A5A6-B0510FD70DD9}"
EndProject
Project("{9A19103F-16F7-4668-BE54-9A1E7A4F7556}") = "HrManagement.Ioc", "HrManagement.Ioc\HrManagement.Ioc.csproj", "{481FA0F4-9D3D-44B0-B388-DE05FEFA2F4A}"
EndProject
Project("{2150E333-8FDC-42A3-9474-1A3956D46DE8}") = "EmailService", "EmailService", "{C2C1B1AF-D185-40BC-A590-49FCAD8E922F}"
EndProject
Project("{FAE04EC0-301F-11D3-BF4B-00C04F79EFBC}") = "HrManagement.EmailService", "HrManagement.EmailService\HrManagement.EmailService.csproj", "{DFBA3077-700D-4E58-B515-983BD4BD096D}"
EndProject
Global
	GlobalSection(SolutionConfigurationPlatforms) = preSolution
		Debug|Any CPU = Debug|Any CPU
		Release|Any CPU = Release|Any CPU
	EndGlobalSection
	GlobalSection(ProjectConfigurationPlatforms) = postSolution
		{8DA43D6F-785E-429C-936D-84692FC48969}.Debug|Any CPU.ActiveCfg = Debug|Any CPU
		{8DA43D6F-785E-429C-936D-84692FC48969}.Debug|Any CPU.Build.0 = Debug|Any CPU
		{8DA43D6F-785E-429C-936D-84692FC48969}.Release|Any CPU.ActiveCfg = Release|Any CPU
		{8DA43D6F-785E-429C-936D-84692FC48969}.Release|Any CPU.Build.0 = Release|Any CPU
		{7CBB837F-BAEC-4879-97F9-DBA19C81D824}.Debug|Any CPU.ActiveCfg = Debug|Any CPU
		{7CBB837F-BAEC-4879-97F9-DBA19C81D824}.Debug|Any CPU.Build.0 = Debug|Any CPU
		{7CBB837F-BAEC-4879-97F9-DBA19C81D824}.Release|Any CPU.ActiveCfg = Release|Any CPU
		{7CBB837F-BAEC-4879-97F9-DBA19C81D824}.Release|Any CPU.Build.0 = Release|Any CPU
		{7C2E440D-9E2D-4888-8156-3409F9B819E4}.Debug|Any CPU.ActiveCfg = Debug|Any CPU
		{7C2E440D-9E2D-4888-8156-3409F9B819E4}.Debug|Any CPU.Build.0 = Debug|Any CPU
		{7C2E440D-9E2D-4888-8156-3409F9B819E4}.Release|Any CPU.ActiveCfg = Release|Any CPU
		{7C2E440D-9E2D-4888-8156-3409F9B819E4}.Release|Any CPU.Build.0 = Release|Any CPU
		{00992B1A-BD01-4ECB-8BEF-10FF3E02BEFE}.Debug|Any CPU.ActiveCfg = Debug|Any CPU
		{00992B1A-BD01-4ECB-8BEF-10FF3E02BEFE}.Debug|Any CPU.Build.0 = Debug|Any CPU
		{00992B1A-BD01-4ECB-8BEF-10FF3E02BEFE}.Release|Any CPU.ActiveCfg = Release|Any CPU
		{00992B1A-BD01-4ECB-8BEF-10FF3E02BEFE}.Release|Any CPU.Build.0 = Release|Any CPU
		{47723788-BB1B-4076-9040-295F8E2A1B68}.Debug|Any CPU.ActiveCfg = Debug|Any CPU
		{47723788-BB1B-4076-9040-295F8E2A1B68}.Debug|Any CPU.Build.0 = Debug|Any CPU
		{47723788-BB1B-4076-9040-295F8E2A1B68}.Release|Any CPU.ActiveCfg = Release|Any CPU
		{47723788-BB1B-4076-9040-295F8E2A1B68}.Release|Any CPU.Build.0 = Release|Any CPU
		{49CC6CA4-74F5-435E-A999-B4397E69DCE3}.Debug|Any CPU.ActiveCfg = Debug|Any CPU
		{49CC6CA4-74F5-435E-A999-B4397E69DCE3}.Debug|Any CPU.Build.0 = Debug|Any CPU
		{49CC6CA4-74F5-435E-A999-B4397E69DCE3}.Release|Any CPU.ActiveCfg = Release|Any CPU
		{49CC6CA4-74F5-435E-A999-B4397E69DCE3}.Release|Any CPU.Build.0 = Release|Any CPU
		{481FA0F4-9D3D-44B0-B388-DE05FEFA2F4A}.Debug|Any CPU.ActiveCfg = Debug|Any CPU
		{481FA0F4-9D3D-44B0-B388-DE05FEFA2F4A}.Debug|Any CPU.Build.0 = Debug|Any CPU
		{481FA0F4-9D3D-44B0-B388-DE05FEFA2F4A}.Release|Any CPU.ActiveCfg = Release|Any CPU
		{481FA0F4-9D3D-44B0-B388-DE05FEFA2F4A}.Release|Any CPU.Build.0 = Release|Any CPU
		{DFBA3077-700D-4E58-B515-983BD4BD096D}.Debug|Any CPU.ActiveCfg = Debug|Any CPU
		{DFBA3077-700D-4E58-B515-983BD4BD096D}.Debug|Any CPU.Build.0 = Debug|Any CPU
		{DFBA3077-700D-4E58-B515-983BD4BD096D}.Release|Any CPU.ActiveCfg = Release|Any CPU
		{DFBA3077-700D-4E58-B515-983BD4BD096D}.Release|Any CPU.Build.0 = Release|Any CPU
	EndGlobalSection
	GlobalSection(SolutionProperties) = preSolution
		HideSolutionNode = FALSE
	EndGlobalSection
	GlobalSection(NestedProjects) = preSolution
		{8DA43D6F-785E-429C-936D-84692FC48969} = {41159A62-0D6A-4EBB-AFCA-AB9F909826BE}
		{7CBB837F-BAEC-4879-97F9-DBA19C81D824} = {8172F67D-33CA-480B-8370-4C9221165D8C}
		{7C2E440D-9E2D-4888-8156-3409F9B819E4} = {A63BCCED-CC99-4B85-95DA-2B4A463B6EF2}
		{00992B1A-BD01-4ECB-8BEF-10FF3E02BEFE} = {91DCE16B-93A7-41E1-B21D-430C580D3D29}
		{8D78BBD3-E020-4DC4-8647-B15956177DA4} = {3AFDE1EA-2660-4BC2-8D4B-4AA47659B078}
		{EF2B71BD-9D0C-4864-AA6F-ED8643069656} = {3AFDE1EA-2660-4BC2-8D4B-4AA47659B078}
		{47723788-BB1B-4076-9040-295F8E2A1B68} = {8D78BBD3-E020-4DC4-8647-B15956177DA4}
		{49CC6CA4-74F5-435E-A999-B4397E69DCE3} = {EF2B71BD-9D0C-4864-AA6F-ED8643069656}
		{3643B56D-9AFE-42D3-A5A6-B0510FD70DD9} = {3AFDE1EA-2660-4BC2-8D4B-4AA47659B078}
		{481FA0F4-9D3D-44B0-B388-DE05FEFA2F4A} = {3643B56D-9AFE-42D3-A5A6-B0510FD70DD9}
		{C2C1B1AF-D185-40BC-A590-49FCAD8E922F} = {3AFDE1EA-2660-4BC2-8D4B-4AA47659B078}
		{DFBA3077-700D-4E58-B515-983BD4BD096D} = {C2C1B1AF-D185-40BC-A590-49FCAD8E922F}
	EndGlobalSection
	GlobalSection(ExtensibilityGlobals) = postSolution
		SolutionGuid = {8AEF0F4E-0EF0-45F2-AF2C-F3FB9B39ED3A}
	EndGlobalSection
EndGlobal
